
Microsoft Visual Studio Solution File, Format Version 12.00
# Visual Studio Version 17
VisualStudioVersion = 17.0.31903.59
MinimumVisualStudioVersion = 10.0.40219.1
Project("{2150E333-8FDC-42A3-9474-1A3956D46DE8}") = "src", "src", "{B5F59B30-1E96-4C5C-8DD5-2C09F4A4381C}"
EndProject
Project("{2150E333-8FDC-42A3-9474-1A3956D46DE8}") = "tests", "tests", "{3E6612A4-6C75-4C2E-B5DF-474D490757BD}"
EndProject
Project("{FAE04EC0-301F-11D3-BF4B-00C04F79EFBC}") = "CafeApp.Domain", "CafeApp.Domain\CafeApp.Domain.csproj", "{6CCC8FAA-4CEA-461F-81A6-84B2CC58F1AB}"
EndProject
Project("{FAE04EC0-301F-11D3-BF4B-00C04F79EFBC}") = "CafeApp.Business", "CafeApp.Business\CafeApp.Business.csproj", "{F3A6B7D4-43F8-4C1E-B164-55C755B63603}"
EndProject
Project("{FAE04EC0-301F-11D3-BF4B-00C04F79EFBC}") = "CafeApp.Infrastructure", "CafeApp.Infrastructure\CafeApp.Infrastructure.csproj", "{3539147C-55F7-4628-B7BB-F6D4D6F41721}"
EndProject
Project("{FAE04EC0-301F-11D3-BF4B-00C04F79EFBC}") = "CafeApp.Infrastructure.LocalDb", "CafeApp.Infrastructure.LocalDb\CafeApp.Infrastructure.LocalDb.csproj", "{A2E4C167-1B9B-4742-ABF4-4513636C32C0}"
EndProject
Project("{FAE04EC0-301F-11D3-BF4B-00C04F79EFBC}") = "CafeApp.Infrastructure.SqlServer", "CafeApp.Infrastructure.SqlServer\CafeApp.Infrastructure.SqlServer.csproj", "{DB563ECE-8C15-46CA-B4D6-16B5309B4F42}"
EndProject
Project("{FAE04EC0-301F-11D3-BF4B-00C04F79EFBC}") = "CafeApp.Migrator", "CafeApp.Migrator\CafeApp.Migrator.csproj", "{6A58DBB8-5807-4CDE-816F-5E21FC0BC2F6}"
EndProject
Project("{FAE04EC0-301F-11D3-BF4B-00C04F79EFBC}") = "CafeApp.Web", "CafeApp.Web\CafeApp.Web.csproj", "{89DD5717-9720-4539-B55B-64C59D2F012E}"
EndProject
Project("{FAE04EC0-301F-11D3-BF4B-00C04F79EFBC}") = "CafeApp.AppHost", "CafeApp.AppHost\CafeApp.AppHost.csproj", "{382ACD86-53D1-4480-8344-86527AB7F571}"
EndProject
Project("{FAE04EC0-301F-11D3-BF4B-00C04F79EFBC}") = "CafeApp.ServiceDefaults", "CafeApp.ServiceDefaults\CafeApp.ServiceDefaults.csproj", "{2B995FEE-D0CE-42A9-948B-E513515AD86F}"
EndProject
Project("{FAE04EC0-301F-11D3-BF4B-00C04F79EFBC}") = "CafeApp.Shared", "CafeApp.Shared\CafeApp.Shared.csproj", "{01F73111-0C29-45FD-AD2F-D677844ED3E0}"
EndProject
Project("{FAE04EC0-301F-11D3-BF4B-00C04F79EFBC}") = "CafeApp", "CafeApp\CafeApp.csproj", "{B4DD6C4E-8724-4B99-BAC9-808FB5A23EA2}"
EndProject
Project("{FAE04EC0-301F-11D3-BF4B-00C04F79EFBC}") = "CafeApp.Shared.RestClient", "CafeApp.Shared.RestClient\CafeApp.Shared.RestClient.csproj", "{44C1ED63-8C1D-43A4-B84D-AD50A05E015A}"
EndProject
Project("{FAE04EC0-301F-11D3-BF4B-00C04F79EFBC}") = "ApiTests", "ApiTests\ApiTests.csproj", "{C36FBD16-AFCE-4737-80A6-F5881BF59845}"
EndProject
Global
	GlobalSection(SolutionConfigurationPlatforms) = preSolution
		Debug|Any CPU = Debug|Any CPU
		Release|Any CPU = Release|Any CPU
	EndGlobalSection
	GlobalSection(ProjectConfigurationPlatforms) = postSolution
		{6CCC8FAA-4CEA-461F-81A6-84B2CC58F1AB}.Debug|Any CPU.ActiveCfg = Debug|Any CPU
		{6CCC8FAA-4CEA-461F-81A6-84B2CC58F1AB}.Debug|Any CPU.Build.0 = Debug|Any CPU
		{6CCC8FAA-4CEA-461F-81A6-84B2CC58F1AB}.Release|Any CPU.ActiveCfg = Release|Any CPU
		{6CCC8FAA-4CEA-461F-81A6-84B2CC58F1AB}.Release|Any CPU.Build.0 = Release|Any CPU
		{F3A6B7D4-43F8-4C1E-B164-55C755B63603}.Debug|Any CPU.ActiveCfg = Debug|Any CPU
		{F3A6B7D4-43F8-4C1E-B164-55C755B63603}.Debug|Any CPU.Build.0 = Debug|Any CPU
		{F3A6B7D4-43F8-4C1E-B164-55C755B63603}.Release|Any CPU.ActiveCfg = Release|Any CPU
		{F3A6B7D4-43F8-4C1E-B164-55C755B63603}.Release|Any CPU.Build.0 = Release|Any CPU
		{3539147C-55F7-4628-B7BB-F6D4D6F41721}.Debug|Any CPU.ActiveCfg = Debug|Any CPU
		{3539147C-55F7-4628-B7BB-F6D4D6F41721}.Debug|Any CPU.Build.0 = Debug|Any CPU
		{3539147C-55F7-4628-B7BB-F6D4D6F41721}.Release|Any CPU.ActiveCfg = Release|Any CPU
		{3539147C-55F7-4628-B7BB-F6D4D6F41721}.Release|Any CPU.Build.0 = Release|Any CPU
		{A2E4C167-1B9B-4742-ABF4-4513636C32C0}.Debug|Any CPU.ActiveCfg = Debug|Any CPU
		{A2E4C167-1B9B-4742-ABF4-4513636C32C0}.Debug|Any CPU.Build.0 = Debug|Any CPU
		{A2E4C167-1B9B-4742-ABF4-4513636C32C0}.Release|Any CPU.ActiveCfg = Release|Any CPU
		{A2E4C167-1B9B-4742-ABF4-4513636C32C0}.Release|Any CPU.Build.0 = Release|Any CPU
		{DB563ECE-8C15-46CA-B4D6-16B5309B4F42}.Debug|Any CPU.ActiveCfg = Debug|Any CPU
		{DB563ECE-8C15-46CA-B4D6-16B5309B4F42}.Debug|Any CPU.Build.0 = Debug|Any CPU
		{DB563ECE-8C15-46CA-B4D6-16B5309B4F42}.Release|Any CPU.ActiveCfg = Release|Any CPU
		{DB563ECE-8C15-46CA-B4D6-16B5309B4F42}.Release|Any CPU.Build.0 = Release|Any CPU
		{6A58DBB8-5807-4CDE-816F-5E21FC0BC2F6}.Debug|Any CPU.ActiveCfg = Debug|Any CPU
		{6A58DBB8-5807-4CDE-816F-5E21FC0BC2F6}.Debug|Any CPU.Build.0 = Debug|Any CPU
		{6A58DBB8-5807-4CDE-816F-5E21FC0BC2F6}.Release|Any CPU.ActiveCfg = Release|Any CPU
		{6A58DBB8-5807-4CDE-816F-5E21FC0BC2F6}.Release|Any CPU.Build.0 = Release|Any CPU
		{89DD5717-9720-4539-B55B-64C59D2F012E}.Debug|Any CPU.ActiveCfg = Debug|Any CPU
		{89DD5717-9720-4539-B55B-64C59D2F012E}.Debug|Any CPU.Build.0 = Debug|Any CPU
		{89DD5717-9720-4539-B55B-64C59D2F012E}.Release|Any CPU.ActiveCfg = Release|Any CPU
		{89DD5717-9720-4539-B55B-64C59D2F012E}.Release|Any CPU.Build.0 = Release|Any CPU
		{382ACD86-53D1-4480-8344-86527AB7F571}.Debug|Any CPU.ActiveCfg = Debug|Any CPU
		{382ACD86-53D1-4480-8344-86527AB7F571}.Debug|Any CPU.Build.0 = Debug|Any CPU
		{382ACD86-53D1-4480-8344-86527AB7F571}.Release|Any CPU.ActiveCfg = Release|Any CPU
		{382ACD86-53D1-4480-8344-86527AB7F571}.Release|Any CPU.Build.0 = Release|Any CPU
		{2B995FEE-D0CE-42A9-948B-E513515AD86F}.Debug|Any CPU.ActiveCfg = Debug|Any CPU
		{2B995FEE-D0CE-42A9-948B-E513515AD86F}.Debug|Any CPU.Build.0 = Debug|Any CPU
		{2B995FEE-D0CE-42A9-948B-E513515AD86F}.Release|Any CPU.ActiveCfg = Release|Any CPU
		{2B995FEE-D0CE-42A9-948B-E513515AD86F}.Release|Any CPU.Build.0 = Release|Any CPU
		{01F73111-0C29-45FD-AD2F-D677844ED3E0}.Debug|Any CPU.ActiveCfg = Debug|Any CPU
		{01F73111-0C29-45FD-AD2F-D677844ED3E0}.Debug|Any CPU.Build.0 = Debug|Any CPU
		{01F73111-0C29-45FD-AD2F-D677844ED3E0}.Release|Any CPU.ActiveCfg = Release|Any CPU
		{01F73111-0C29-45FD-AD2F-D677844ED3E0}.Release|Any CPU.Build.0 = Release|Any CPU
		{B4DD6C4E-8724-4B99-BAC9-808FB5A23EA2}.Debug|Any CPU.ActiveCfg = Debug|Any CPU
		{B4DD6C4E-8724-4B99-BAC9-808FB5A23EA2}.Debug|Any CPU.Build.0 = Debug|Any CPU
		{B4DD6C4E-8724-4B99-BAC9-808FB5A23EA2}.Debug|Any CPU.Deploy.0 = Debug|Any CPU
		{B4DD6C4E-8724-4B99-BAC9-808FB5A23EA2}.Release|Any CPU.ActiveCfg = Release|Any CPU
		{B4DD6C4E-8724-4B99-BAC9-808FB5A23EA2}.Release|Any CPU.Build.0 = Release|Any CPU
		{B4DD6C4E-8724-4B99-BAC9-808FB5A23EA2}.Release|Any CPU.Deploy.0 = Release|Any CPU
		{44C1ED63-8C1D-43A4-B84D-AD50A05E015A}.Debug|Any CPU.ActiveCfg = Debug|Any CPU
		{44C1ED63-8C1D-43A4-B84D-AD50A05E015A}.Debug|Any CPU.Build.0 = Debug|Any CPU
		{44C1ED63-8C1D-43A4-B84D-AD50A05E015A}.Release|Any CPU.ActiveCfg = Release|Any CPU
		{44C1ED63-8C1D-43A4-B84D-AD50A05E015A}.Release|Any CPU.Build.0 = Release|Any CPU
		{C36FBD16-AFCE-4737-80A6-F5881BF59845}.Debug|Any CPU.ActiveCfg = Debug|Any CPU
		{C36FBD16-AFCE-4737-80A6-F5881BF59845}.Debug|Any CPU.Build.0 = Debug|Any CPU
		{C36FBD16-AFCE-4737-80A6-F5881BF59845}.Release|Any CPU.ActiveCfg = Release|Any CPU
		{C36FBD16-AFCE-4737-80A6-F5881BF59845}.Release|Any CPU.Build.0 = Release|Any CPU
	EndGlobalSection
	GlobalSection(SolutionProperties) = preSolution
		HideSolutionNode = FALSE
	EndGlobalSection
	GlobalSection(NestedProjects) = preSolution
		{6CCC8FAA-4CEA-461F-81A6-84B2CC58F1AB} = {B5F59B30-1E96-4C5C-8DD5-2C09F4A4381C}
		{F3A6B7D4-43F8-4C1E-B164-55C755B63603} = {B5F59B30-1E96-4C5C-8DD5-2C09F4A4381C}
		{3539147C-55F7-4628-B7BB-F6D4D6F41721} = {B5F59B30-1E96-4C5C-8DD5-2C09F4A4381C}
		{A2E4C167-1B9B-4742-ABF4-4513636C32C0} = {B5F59B30-1E96-4C5C-8DD5-2C09F4A4381C}
		{DB563ECE-8C15-46CA-B4D6-16B5309B4F42} = {B5F59B30-1E96-4C5C-8DD5-2C09F4A4381C}
		{6A58DBB8-5807-4CDE-816F-5E21FC0BC2F6} = {B5F59B30-1E96-4C5C-8DD5-2C09F4A4381C}
		{89DD5717-9720-4539-B55B-64C59D2F012E} = {B5F59B30-1E96-4C5C-8DD5-2C09F4A4381C}
		{01F73111-0C29-45FD-AD2F-D677844ED3E0} = {B5F59B30-1E96-4C5C-8DD5-2C09F4A4381C}
		{B4DD6C4E-8724-4B99-BAC9-808FB5A23EA2} = {B5F59B30-1E96-4C5C-8DD5-2C09F4A4381C}
		{44C1ED63-8C1D-43A4-B84D-AD50A05E015A} = {B5F59B30-1E96-4C5C-8DD5-2C09F4A4381C}
		{C36FBD16-AFCE-4737-80A6-F5881BF59845} = {3E6612A4-6C75-4C2E-B5DF-474D490757BD}
	EndGlobalSection
	GlobalSection(ExtensibilityGlobals) = postSolution
		SolutionGuid = {56DCCDE6-6108-48F7-80BD-081988174221}
	EndGlobalSection
EndGlobal
